
Microsoft Visual Studio Solution File, Format Version 12.00
# Visual Studio Version 17
VisualStudioVersion = 17.5.33516.290
MinimumVisualStudioVersion = 10.0.40219.1
Project("{FAE04EC0-301F-11D3-BF4B-00C04F79EFBC}") = "MyPortifolioAdmin", "MyPortifolioAdmin\MyPortifolioAdmin.csproj", "{88D82140-D3B3-483D-9CF7-A8421028F8F6}"
EndProject
Global
	GlobalSection(SolutionConfigurationPlatforms) = preSolution
		Debug|Any CPU = Debug|Any CPU
		Release|Any CPU = Release|Any CPU
	EndGlobalSection
	GlobalSection(ProjectConfigurationPlatforms) = postSolution
		{88D82140-D3B3-483D-9CF7-A8421028F8F6}.Debug|Any CPU.ActiveCfg = Debug|Any CPU
		{88D82140-D3B3-483D-9CF7-A8421028F8F6}.Debug|Any CPU.Build.0 = Debug|Any CPU
		{88D82140-D3B3-483D-9CF7-A8421028F8F6}.Release|Any CPU.ActiveCfg = Release|Any CPU
		{88D82140-D3B3-483D-9CF7-A8421028F8F6}.Release|Any CPU.Build.0 = Release|Any CPU
	EndGlobalSection
	GlobalSection(SolutionProperties) = preSolution
		HideSolutionNode = FALSE
	EndGlobalSection
	GlobalSection(ExtensibilityGlobals) = postSolution
		SolutionGuid = {1E62F5B9-DEAA-4EB5-BD8E-C4CD7A4505C7}
	EndGlobalSection
EndGlobal
